Microsoft Visual Studio Solution File, Format Version 12.00
# Visual Studio Version 17
VisualStudioVersion = 17.2.32210.308
MinimumVisualStudioVersion = 15.0.26124.0

Project("{2150E333-8FDC-42A3-9474-1A3956D46DE8}") = "Source", "Source", "{E9AAC374-8465-4869-9CDA-4CED483811B8}"
EndProject
Project("{2150E333-8FDC-42A3-9474-1A3956D46DE8}") = "Platforms", "Platforms", "{EFC12497-BE6F-4AE0-A537-485CDA8E34DF}"
EndProject
Project("{2150E333-8FDC-42A3-9474-1A3956D46DE8}") = "Backend", "Backend", "{51AC558D-5968-4B20-B68A-4AEAFA800B5E}"
EndProject
Project("{2150E333-8FDC-42A3-9474-1A3956D46DE8}") = "Tests", "Tests", "{6B45E5D2-7E25-4541-AF3B-67F7CB0BADE1}"
EndProject

Project("{9A19103F-16F7-4668-BE54-9A1E7A4F7556}") = "HomeIdeasUIApp", "HomeIdeasUIApp\HomeIdeasUIApp.csproj", "{5B163272-515B-4761-8905-B1263856D1DD}"
EndProject
Project("{9A19103F-16F7-4668-BE54-9A1E7A4F7556}") = "HomeIdeasUIApp.Mobile", "HomeIdeasUIApp.Mobile\HomeIdeasUIApp.Mobile.csproj", "{882291B7-AB66-4D3D-9C66-112BF2CF8CB3}"
EndProject
Project("{9A19103F-16F7-4668-BE54-9A1E7A4F7556}") = "HomeIdeasUIApp.Wasm", "HomeIdeasUIApp.Wasm\HomeIdeasUIApp.Wasm.csproj", "{7769D376-FAC8-4108-B1B8-F5B3BCEF2E6A}"
EndProject
Project("{9A19103F-16F7-4668-BE54-9A1E7A4F7556}") = "HomeIdeasUIApp.Skia.Gtk", "HomeIdeasUIApp.Skia.Gtk\HomeIdeasUIApp.Skia.Gtk.csproj", "{A6224E91-779F-42F1-9365-635348A3927A}"
EndProject
Project("{9A19103F-16F7-4668-BE54-9A1E7A4F7556}") = "HomeIdeasUIApp.Windows", "HomeIdeasUIApp.Windows\HomeIdeasUIApp.Windows.csproj", "{DEA89C04-7278-4F44-8165-31B9CF1FD993}"
EndProject
Project("{9A19103F-16F7-4668-BE54-9A1E7A4F7556}") = "HomeIdeasUIApp.Server", "HomeIdeasUIApp.Server\HomeIdeasUIApp.Server.csproj", "{6E31FBEE-4A1D-4CDC-96B1-938000943098}"
EndProject
Project("{9A19103F-16F7-4668-BE54-9A1E7A4F7556}") = "HomeIdeasUIApp.DataContracts", "HomeIdeasUIApp.DataContracts\HomeIdeasUIApp.DataContracts.csproj", "{F818A2F3-0652-469F-9E59-A76F1F4D0AAF}"
EndProject
Project("{9A19103F-16F7-4668-BE54-9A1E7A4F7556}") = "HomeIdeasUIApp.Tests", "HomeIdeasUIApp.Tests\HomeIdeasUIApp.Tests.csproj", "{D97F5BB6-5FDA-438B-8B72-3047A16DCAFE}"
EndProject
Project("{9A19103F-16F7-4668-BE54-9A1E7A4F7556}") = "HomeIdeasUIApp.UITests", "HomeIdeasUIApp.UITests\HomeIdeasUIApp.UITests.csproj", "{82DBE1FA-15D4-44C2-897E-DBC5C5BF32B5}"
EndProject

Project("{2150E333-8FDC-42A3-9474-1A3956D46DE8}") = "Solution Items", "Solution Items", "{BADA71DC-7FFD-4EDC-9F28-FB74AEADC713}"
	ProjectSection(SolutionItems) = preProject
		Directory.Build.props = Directory.Build.props
		Directory.Build.targets = Directory.Build.targets
		Directory.Packages.props = Directory.Packages.props
	EndProjectSection
EndProject
Global
	GlobalSection(SolutionConfigurationPlatforms) = preSolution
		Debug|Any CPU = Debug|Any CPU
		Debug|ARM = Debug|ARM
		Debug|ARM64 = Debug|ARM64
		Debug|iPhone = Debug|iPhone
		Debug|iPhoneSimulator = Debug|iPhoneSimulator
		Debug|x64 = Debug|x64
		Debug|x86 = Debug|x86
		Release|Any CPU = Release|Any CPU
		Release|ARM = Release|ARM
		Release|ARM64 = Release|ARM64
		Release|iPhone = Release|iPhone
		Release|iPhoneSimulator = Release|iPhoneSimulator
		Release|x64 = Release|x64
		Release|x86 = Release|x86
	EndGlobalSection
	GlobalSection(ProjectConfigurationPlatforms) = postSolution
		{882291B7-AB66-4D3D-9C66-112BF2CF8CB3}.Debug|Any CPU.ActiveCfg = Debug|Any CPU
		{882291B7-AB66-4D3D-9C66-112BF2CF8CB3}.Debug|Any CPU.Build.0 = Debug|Any CPU
		{882291B7-AB66-4D3D-9C66-112BF2CF8CB3}.Debug|Any CPU.Deploy.0 = Debug|Any CPU
		{882291B7-AB66-4D3D-9C66-112BF2CF8CB3}.Debug|ARM.ActiveCfg = Debug|Any CPU
		{882291B7-AB66-4D3D-9C66-112BF2CF8CB3}.Debug|ARM.Build.0 = Debug|Any CPU
		{882291B7-AB66-4D3D-9C66-112BF2CF8CB3}.Debug|ARM.Deploy.0 = Debug|Any CPU
		{882291B7-AB66-4D3D-9C66-112BF2CF8CB3}.Debug|ARM64.ActiveCfg = Debug|Any CPU
		{882291B7-AB66-4D3D-9C66-112BF2CF8CB3}.Debug|ARM64.Build.0 = Debug|Any CPU
		{882291B7-AB66-4D3D-9C66-112BF2CF8CB3}.Debug|ARM64.Deploy.0 = Debug|Any CPU
		{882291B7-AB66-4D3D-9C66-112BF2CF8CB3}.Debug|iPhone.ActiveCfg = Debug|Any CPU
		{882291B7-AB66-4D3D-9C66-112BF2CF8CB3}.Debug|iPhone.Build.0 = Debug|Any CPU
		{882291B7-AB66-4D3D-9C66-112BF2CF8CB3}.Debug|iPhone.Deploy.0 = Debug|Any CPU
		{882291B7-AB66-4D3D-9C66-112BF2CF8CB3}.Debug|iPhoneSimulator.ActiveCfg = Debug|Any CPU
		{882291B7-AB66-4D3D-9C66-112BF2CF8CB3}.Debug|iPhoneSimulator.Build.0 = Debug|Any CPU
		{882291B7-AB66-4D3D-9C66-112BF2CF8CB3}.Debug|iPhoneSimulator.Deploy.0 = Debug|Any CPU
		{882291B7-AB66-4D3D-9C66-112BF2CF8CB3}.Debug|x64.ActiveCfg = Debug|Any CPU
		{882291B7-AB66-4D3D-9C66-112BF2CF8CB3}.Debug|x64.Build.0 = Debug|Any CPU
		{882291B7-AB66-4D3D-9C66-112BF2CF8CB3}.Debug|x64.Deploy.0 = Debug|Any CPU
		{882291B7-AB66-4D3D-9C66-112BF2CF8CB3}.Debug|x86.ActiveCfg = Debug|Any CPU
		{882291B7-AB66-4D3D-9C66-112BF2CF8CB3}.Debug|x86.Build.0 = Debug|Any CPU
		{882291B7-AB66-4D3D-9C66-112BF2CF8CB3}.Debug|x86.Deploy.0 = Debug|Any CPU
		{882291B7-AB66-4D3D-9C66-112BF2CF8CB3}.Release|Any CPU.ActiveCfg = Release|Any CPU
		{882291B7-AB66-4D3D-9C66-112BF2CF8CB3}.Release|Any CPU.Build.0 = Release|Any CPU
		{882291B7-AB66-4D3D-9C66-112BF2CF8CB3}.Release|Any CPU.Deploy.0 = Release|Any CPU
		{882291B7-AB66-4D3D-9C66-112BF2CF8CB3}.Release|ARM.ActiveCfg = Release|Any CPU
		{882291B7-AB66-4D3D-9C66-112BF2CF8CB3}.Release|ARM.Build.0 = Release|Any CPU
		{882291B7-AB66-4D3D-9C66-112BF2CF8CB3}.Release|ARM.Deploy.0 = Release|Any CPU
		{882291B7-AB66-4D3D-9C66-112BF2CF8CB3}.Release|ARM64.ActiveCfg = Release|Any CPU
		{882291B7-AB66-4D3D-9C66-112BF2CF8CB3}.Release|ARM64.Build.0 = Release|Any CPU
		{882291B7-AB66-4D3D-9C66-112BF2CF8CB3}.Release|ARM64.Deploy.0 = Release|Any CPU
		{882291B7-AB66-4D3D-9C66-112BF2CF8CB3}.Release|iPhone.ActiveCfg = Release|Any CPU
		{882291B7-AB66-4D3D-9C66-112BF2CF8CB3}.Release|iPhone.Build.0 = Release|Any CPU
		{882291B7-AB66-4D3D-9C66-112BF2CF8CB3}.Release|iPhone.Deploy.0 = Release|Any CPU
		{882291B7-AB66-4D3D-9C66-112BF2CF8CB3}.Release|iPhoneSimulator.ActiveCfg = Release|Any CPU
		{882291B7-AB66-4D3D-9C66-112BF2CF8CB3}.Release|iPhoneSimulator.Build.0 = Release|Any CPU
		{882291B7-AB66-4D3D-9C66-112BF2CF8CB3}.Release|iPhoneSimulator.Deploy.0 = Release|Any CPU
		{882291B7-AB66-4D3D-9C66-112BF2CF8CB3}.Release|x64.ActiveCfg = Release|Any CPU
		{882291B7-AB66-4D3D-9C66-112BF2CF8CB3}.Release|x64.Build.0 = Release|Any CPU
		{882291B7-AB66-4D3D-9C66-112BF2CF8CB3}.Release|x64.Deploy.0 = Release|Any CPU
		{882291B7-AB66-4D3D-9C66-112BF2CF8CB3}.Release|x86.ActiveCfg = Release|Any CPU
		{882291B7-AB66-4D3D-9C66-112BF2CF8CB3}.Release|x86.Build.0 = Release|Any CPU
		{882291B7-AB66-4D3D-9C66-112BF2CF8CB3}.Release|x86.Deploy.0 = Release|Any CPU
		{7769D376-FAC8-4108-B1B8-F5B3BCEF2E6A}.Debug|Any CPU.ActiveCfg = Debug|Any CPU
		{7769D376-FAC8-4108-B1B8-F5B3BCEF2E6A}.Debug|Any CPU.Build.0 = Debug|Any CPU
		{7769D376-FAC8-4108-B1B8-F5B3BCEF2E6A}.Debug|ARM.ActiveCfg = Debug|Any CPU
		{7769D376-FAC8-4108-B1B8-F5B3BCEF2E6A}.Debug|ARM.Build.0 = Debug|Any CPU
		{7769D376-FAC8-4108-B1B8-F5B3BCEF2E6A}.Debug|ARM64.ActiveCfg = Debug|Any CPU
		{7769D376-FAC8-4108-B1B8-F5B3BCEF2E6A}.Debug|ARM64.Build.0 = Debug|Any CPU
		{7769D376-FAC8-4108-B1B8-F5B3BCEF2E6A}.Debug|iPhone.ActiveCfg = Debug|Any CPU
		{7769D376-FAC8-4108-B1B8-F5B3BCEF2E6A}.Debug|iPhone.Build.0 = Debug|Any CPU
		{7769D376-FAC8-4108-B1B8-F5B3BCEF2E6A}.Debug|iPhoneSimulator.ActiveCfg = Debug|Any CPU
		{7769D376-FAC8-4108-B1B8-F5B3BCEF2E6A}.Debug|iPhoneSimulator.Build.0 = Debug|Any CPU
		{7769D376-FAC8-4108-B1B8-F5B3BCEF2E6A}.Debug|x64.ActiveCfg = Debug|Any CPU
		{7769D376-FAC8-4108-B1B8-F5B3BCEF2E6A}.Debug|x64.Build.0 = Debug|Any CPU
		{7769D376-FAC8-4108-B1B8-F5B3BCEF2E6A}.Debug|x86.ActiveCfg = Debug|Any CPU
		{7769D376-FAC8-4108-B1B8-F5B3BCEF2E6A}.Debug|x86.Build.0 = Debug|Any CPU
		{7769D376-FAC8-4108-B1B8-F5B3BCEF2E6A}.Release|Any CPU.ActiveCfg = Release|Any CPU
		{7769D376-FAC8-4108-B1B8-F5B3BCEF2E6A}.Release|Any CPU.Build.0 = Release|Any CPU
		{7769D376-FAC8-4108-B1B8-F5B3BCEF2E6A}.Release|ARM.ActiveCfg = Release|Any CPU
		{7769D376-FAC8-4108-B1B8-F5B3BCEF2E6A}.Release|ARM.Build.0 = Release|Any CPU
		{7769D376-FAC8-4108-B1B8-F5B3BCEF2E6A}.Release|ARM64.ActiveCfg = Release|Any CPU
		{7769D376-FAC8-4108-B1B8-F5B3BCEF2E6A}.Release|ARM64.Build.0 = Release|Any CPU
		{7769D376-FAC8-4108-B1B8-F5B3BCEF2E6A}.Release|iPhone.ActiveCfg = Release|Any CPU
		{7769D376-FAC8-4108-B1B8-F5B3BCEF2E6A}.Release|iPhone.Build.0 = Release|Any CPU
		{7769D376-FAC8-4108-B1B8-F5B3BCEF2E6A}.Release|iPhoneSimulator.ActiveCfg = Release|Any CPU
		{7769D376-FAC8-4108-B1B8-F5B3BCEF2E6A}.Release|iPhoneSimulator.Build.0 = Release|Any CPU
		{7769D376-FAC8-4108-B1B8-F5B3BCEF2E6A}.Release|x64.ActiveCfg = Release|Any CPU
		{7769D376-FAC8-4108-B1B8-F5B3BCEF2E6A}.Release|x64.Build.0 = Release|Any CPU
		{7769D376-FAC8-4108-B1B8-F5B3BCEF2E6A}.Release|x86.ActiveCfg = Release|Any CPU
		{7769D376-FAC8-4108-B1B8-F5B3BCEF2E6A}.Release|x86.Build.0 = Release|Any CPU
		{A6224E91-779F-42F1-9365-635348A3927A}.Debug|Any CPU.ActiveCfg = Debug|Any CPU
		{A6224E91-779F-42F1-9365-635348A3927A}.Debug|Any CPU.Build.0 = Debug|Any CPU
		{A6224E91-779F-42F1-9365-635348A3927A}.Debug|ARM.ActiveCfg = Debug|Any CPU
		{A6224E91-779F-42F1-9365-635348A3927A}.Debug|ARM.Build.0 = Debug|Any CPU
		{A6224E91-779F-42F1-9365-635348A3927A}.Debug|ARM64.ActiveCfg = Debug|Any CPU
		{A6224E91-779F-42F1-9365-635348A3927A}.Debug|ARM64.Build.0 = Debug|Any CPU
		{A6224E91-779F-42F1-9365-635348A3927A}.Debug|iPhone.ActiveCfg = Debug|Any CPU
		{A6224E91-779F-42F1-9365-635348A3927A}.Debug|iPhone.Build.0 = Debug|Any CPU
		{A6224E91-779F-42F1-9365-635348A3927A}.Debug|iPhoneSimulator.ActiveCfg = Debug|Any CPU
		{A6224E91-779F-42F1-9365-635348A3927A}.Debug|iPhoneSimulator.Build.0 = Debug|Any CPU
		{A6224E91-779F-42F1-9365-635348A3927A}.Debug|x64.ActiveCfg = Debug|Any CPU
		{A6224E91-779F-42F1-9365-635348A3927A}.Debug|x64.Build.0 = Debug|Any CPU
		{A6224E91-779F-42F1-9365-635348A3927A}.Debug|x86.ActiveCfg = Debug|Any CPU
		{A6224E91-779F-42F1-9365-635348A3927A}.Debug|x86.Build.0 = Debug|Any CPU
		{A6224E91-779F-42F1-9365-635348A3927A}.Release|Any CPU.ActiveCfg = Release|Any CPU
		{A6224E91-779F-42F1-9365-635348A3927A}.Release|Any CPU.Build.0 = Release|Any CPU
		{A6224E91-779F-42F1-9365-635348A3927A}.Release|ARM.ActiveCfg = Release|Any CPU
		{A6224E91-779F-42F1-9365-635348A3927A}.Release|ARM.Build.0 = Release|Any CPU
		{A6224E91-779F-42F1-9365-635348A3927A}.Release|ARM64.ActiveCfg = Release|Any CPU
		{A6224E91-779F-42F1-9365-635348A3927A}.Release|ARM64.Build.0 = Release|Any CPU
		{A6224E91-779F-42F1-9365-635348A3927A}.Release|iPhone.ActiveCfg = Release|Any CPU
		{A6224E91-779F-42F1-9365-635348A3927A}.Release|iPhone.Build.0 = Release|Any CPU
		{A6224E91-779F-42F1-9365-635348A3927A}.Release|iPhoneSimulator.ActiveCfg = Release|Any CPU
		{A6224E91-779F-42F1-9365-635348A3927A}.Release|iPhoneSimulator.Build.0 = Release|Any CPU
		{A6224E91-779F-42F1-9365-635348A3927A}.Release|x64.ActiveCfg = Release|Any CPU
		{A6224E91-779F-42F1-9365-635348A3927A}.Release|x64.Build.0 = Release|Any CPU
		{A6224E91-779F-42F1-9365-635348A3927A}.Release|x86.ActiveCfg = Release|Any CPU
		{A6224E91-779F-42F1-9365-635348A3927A}.Release|x86.Build.0 = Release|Any CPU
		{6E31FBEE-4A1D-4CDC-96B1-938000943098}.Debug|Any CPU.ActiveCfg = Debug|Any CPU
		{6E31FBEE-4A1D-4CDC-96B1-938000943098}.Debug|Any CPU.Build.0 = Debug|Any CPU
		{6E31FBEE-4A1D-4CDC-96B1-938000943098}.Debug|ARM.ActiveCfg = Debug|Any CPU
		{6E31FBEE-4A1D-4CDC-96B1-938000943098}.Debug|ARM.Build.0 = Debug|Any CPU
		{6E31FBEE-4A1D-4CDC-96B1-938000943098}.Debug|ARM64.ActiveCfg = Debug|Any CPU
		{6E31FBEE-4A1D-4CDC-96B1-938000943098}.Debug|ARM64.Build.0 = Debug|Any CPU
		{6E31FBEE-4A1D-4CDC-96B1-938000943098}.Debug|iPhone.ActiveCfg = Debug|Any CPU
		{6E31FBEE-4A1D-4CDC-96B1-938000943098}.Debug|iPhone.Build.0 = Debug|Any CPU
		{6E31FBEE-4A1D-4CDC-96B1-938000943098}.Debug|iPhoneSimulator.ActiveCfg = Debug|Any CPU
		{6E31FBEE-4A1D-4CDC-96B1-938000943098}.Debug|iPhoneSimulator.Build.0 = Debug|Any CPU
		{6E31FBEE-4A1D-4CDC-96B1-938000943098}.Debug|x64.ActiveCfg = Debug|Any CPU
		{6E31FBEE-4A1D-4CDC-96B1-938000943098}.Debug|x64.Build.0 = Debug|Any CPU
		{6E31FBEE-4A1D-4CDC-96B1-938000943098}.Debug|x86.ActiveCfg = Debug|Any CPU
		{6E31FBEE-4A1D-4CDC-96B1-938000943098}.Debug|x86.Build.0 = Debug|Any CPU
		{6E31FBEE-4A1D-4CDC-96B1-938000943098}.Release|Any CPU.ActiveCfg = Release|Any CPU
		{6E31FBEE-4A1D-4CDC-96B1-938000943098}.Release|Any CPU.Build.0 = Release|Any CPU
		{6E31FBEE-4A1D-4CDC-96B1-938000943098}.Release|ARM.ActiveCfg = Release|Any CPU
		{6E31FBEE-4A1D-4CDC-96B1-938000943098}.Release|ARM.Build.0 = Release|Any CPU
		{6E31FBEE-4A1D-4CDC-96B1-938000943098}.Release|ARM64.ActiveCfg = Release|Any CPU
		{6E31FBEE-4A1D-4CDC-96B1-938000943098}.Release|ARM64.Build.0 = Release|Any CPU
		{6E31FBEE-4A1D-4CDC-96B1-938000943098}.Release|iPhone.ActiveCfg = Release|Any CPU
		{6E31FBEE-4A1D-4CDC-96B1-938000943098}.Release|iPhone.Build.0 = Release|Any CPU
		{6E31FBEE-4A1D-4CDC-96B1-938000943098}.Release|iPhoneSimulator.ActiveCfg = Release|Any CPU
		{6E31FBEE-4A1D-4CDC-96B1-938000943098}.Release|iPhoneSimulator.Build.0 = Release|Any CPU
		{6E31FBEE-4A1D-4CDC-96B1-938000943098}.Release|x64.ActiveCfg = Release|Any CPU
		{6E31FBEE-4A1D-4CDC-96B1-938000943098}.Release|x64.Build.0 = Release|Any CPU
		{6E31FBEE-4A1D-4CDC-96B1-938000943098}.Release|x86.ActiveCfg = Release|Any CPU
		{6E31FBEE-4A1D-4CDC-96B1-938000943098}.Release|x86.Build.0 = Release|Any CPU
		{F818A2F3-0652-469F-9E59-A76F1F4D0AAF}.Debug|Any CPU.ActiveCfg = Debug|Any CPU
		{F818A2F3-0652-469F-9E59-A76F1F4D0AAF}.Debug|Any CPU.Build.0 = Debug|Any CPU
		{F818A2F3-0652-469F-9E59-A76F1F4D0AAF}.Debug|ARM.ActiveCfg = Debug|Any CPU
		{F818A2F3-0652-469F-9E59-A76F1F4D0AAF}.Debug|ARM.Build.0 = Debug|Any CPU
		{F818A2F3-0652-469F-9E59-A76F1F4D0AAF}.Debug|ARM64.ActiveCfg = Debug|Any CPU
		{F818A2F3-0652-469F-9E59-A76F1F4D0AAF}.Debug|ARM64.Build.0 = Debug|Any CPU
		{F818A2F3-0652-469F-9E59-A76F1F4D0AAF}.Debug|iPhone.ActiveCfg = Debug|Any CPU
		{F818A2F3-0652-469F-9E59-A76F1F4D0AAF}.Debug|iPhone.Build.0 = Debug|Any CPU
		{F818A2F3-0652-469F-9E59-A76F1F4D0AAF}.Debug|iPhoneSimulator.ActiveCfg = Debug|Any CPU
		{F818A2F3-0652-469F-9E59-A76F1F4D0AAF}.Debug|iPhoneSimulator.Build.0 = Debug|Any CPU
		{F818A2F3-0652-469F-9E59-A76F1F4D0AAF}.Debug|x64.ActiveCfg = Debug|Any CPU
		{F818A2F3-0652-469F-9E59-A76F1F4D0AAF}.Debug|x64.Build.0 = Debug|Any CPU
		{F818A2F3-0652-469F-9E59-A76F1F4D0AAF}.Debug|x86.ActiveCfg = Debug|Any CPU
		{F818A2F3-0652-469F-9E59-A76F1F4D0AAF}.Debug|x86.Build.0 = Debug|Any CPU
		{F818A2F3-0652-469F-9E59-A76F1F4D0AAF}.Release|Any CPU.ActiveCfg = Release|Any CPU
		{F818A2F3-0652-469F-9E59-A76F1F4D0AAF}.Release|Any CPU.Build.0 = Release|Any CPU
		{F818A2F3-0652-469F-9E59-A76F1F4D0AAF}.Release|ARM.ActiveCfg = Release|Any CPU
		{F818A2F3-0652-469F-9E59-A76F1F4D0AAF}.Release|ARM.Build.0 = Release|Any CPU
		{F818A2F3-0652-469F-9E59-A76F1F4D0AAF}.Release|ARM64.ActiveCfg = Release|Any CPU
		{F818A2F3-0652-469F-9E59-A76F1F4D0AAF}.Release|ARM64.Build.0 = Release|Any CPU
		{F818A2F3-0652-469F-9E59-A76F1F4D0AAF}.Release|iPhone.ActiveCfg = Release|Any CPU
		{F818A2F3-0652-469F-9E59-A76F1F4D0AAF}.Release|iPhone.Build.0 = Release|Any CPU
		{F818A2F3-0652-469F-9E59-A76F1F4D0AAF}.Release|iPhoneSimulator.ActiveCfg = Release|Any CPU
		{F818A2F3-0652-469F-9E59-A76F1F4D0AAF}.Release|iPhoneSimulator.Build.0 = Release|Any CPU
		{F818A2F3-0652-469F-9E59-A76F1F4D0AAF}.Release|x64.ActiveCfg = Release|Any CPU
		{F818A2F3-0652-469F-9E59-A76F1F4D0AAF}.Release|x64.Build.0 = Release|Any CPU
		{F818A2F3-0652-469F-9E59-A76F1F4D0AAF}.Release|x86.ActiveCfg = Release|Any CPU
		{F818A2F3-0652-469F-9E59-A76F1F4D0AAF}.Release|x86.Build.0 = Release|Any CPU
		{5B163272-515B-4761-8905-B1263856D1DD}.Debug|Any CPU.ActiveCfg = Debug|Any CPU
		{5B163272-515B-4761-8905-B1263856D1DD}.Debug|Any CPU.Build.0 = Debug|Any CPU
		{5B163272-515B-4761-8905-B1263856D1DD}.Debug|ARM.ActiveCfg = Debug|Any CPU
		{5B163272-515B-4761-8905-B1263856D1DD}.Debug|ARM.Build.0 = Debug|Any CPU
		{5B163272-515B-4761-8905-B1263856D1DD}.Debug|ARM64.ActiveCfg = Debug|Any CPU
		{5B163272-515B-4761-8905-B1263856D1DD}.Debug|ARM64.Build.0 = Debug|Any CPU
		{5B163272-515B-4761-8905-B1263856D1DD}.Debug|iPhone.ActiveCfg = Debug|Any CPU
		{5B163272-515B-4761-8905-B1263856D1DD}.Debug|iPhone.Build.0 = Debug|Any CPU
		{5B163272-515B-4761-8905-B1263856D1DD}.Debug|iPhoneSimulator.ActiveCfg = Debug|Any CPU
		{5B163272-515B-4761-8905-B1263856D1DD}.Debug|iPhoneSimulator.Build.0 = Debug|Any CPU
		{5B163272-515B-4761-8905-B1263856D1DD}.Debug|x64.ActiveCfg = Debug|Any CPU
		{5B163272-515B-4761-8905-B1263856D1DD}.Debug|x64.Build.0 = Debug|Any CPU
		{5B163272-515B-4761-8905-B1263856D1DD}.Debug|x86.ActiveCfg = Debug|Any CPU
		{5B163272-515B-4761-8905-B1263856D1DD}.Debug|x86.Build.0 = Debug|Any CPU
		{5B163272-515B-4761-8905-B1263856D1DD}.Release|Any CPU.ActiveCfg = Release|Any CPU
		{5B163272-515B-4761-8905-B1263856D1DD}.Release|Any CPU.Build.0 = Release|Any CPU
		{5B163272-515B-4761-8905-B1263856D1DD}.Release|ARM.ActiveCfg = Release|Any CPU
		{5B163272-515B-4761-8905-B1263856D1DD}.Release|ARM.Build.0 = Release|Any CPU
		{5B163272-515B-4761-8905-B1263856D1DD}.Release|ARM64.ActiveCfg = Release|Any CPU
		{5B163272-515B-4761-8905-B1263856D1DD}.Release|ARM64.Build.0 = Release|Any CPU
		{5B163272-515B-4761-8905-B1263856D1DD}.Release|iPhone.ActiveCfg = Release|Any CPU
		{5B163272-515B-4761-8905-B1263856D1DD}.Release|iPhone.Build.0 = Release|Any CPU
		{5B163272-515B-4761-8905-B1263856D1DD}.Release|iPhoneSimulator.ActiveCfg = Release|Any CPU
		{5B163272-515B-4761-8905-B1263856D1DD}.Release|iPhoneSimulator.Build.0 = Release|Any CPU
		{5B163272-515B-4761-8905-B1263856D1DD}.Release|x64.ActiveCfg = Release|Any CPU
		{5B163272-515B-4761-8905-B1263856D1DD}.Release|x64.Build.0 = Release|Any CPU
		{5B163272-515B-4761-8905-B1263856D1DD}.Release|x86.ActiveCfg = Release|Any CPU
		{5B163272-515B-4761-8905-B1263856D1DD}.Release|x86.Build.0 = Release|Any CPU
		{D97F5BB6-5FDA-438B-8B72-3047A16DCAFE}.Debug|Any CPU.ActiveCfg = Debug|Any CPU
		{D97F5BB6-5FDA-438B-8B72-3047A16DCAFE}.Debug|Any CPU.Build.0 = Debug|Any CPU
		{D97F5BB6-5FDA-438B-8B72-3047A16DCAFE}.Debug|ARM.ActiveCfg = Debug|Any CPU
		{D97F5BB6-5FDA-438B-8B72-3047A16DCAFE}.Debug|ARM.Build.0 = Debug|Any CPU
		{D97F5BB6-5FDA-438B-8B72-3047A16DCAFE}.Debug|ARM64.ActiveCfg = Debug|Any CPU
		{D97F5BB6-5FDA-438B-8B72-3047A16DCAFE}.Debug|ARM64.Build.0 = Debug|Any CPU
		{D97F5BB6-5FDA-438B-8B72-3047A16DCAFE}.Debug|iPhone.ActiveCfg = Debug|Any CPU
		{D97F5BB6-5FDA-438B-8B72-3047A16DCAFE}.Debug|iPhone.Build.0 = Debug|Any CPU
		{D97F5BB6-5FDA-438B-8B72-3047A16DCAFE}.Debug|iPhoneSimulator.ActiveCfg = Debug|Any CPU
		{D97F5BB6-5FDA-438B-8B72-3047A16DCAFE}.Debug|iPhoneSimulator.Build.0 = Debug|Any CPU
		{D97F5BB6-5FDA-438B-8B72-3047A16DCAFE}.Debug|x64.ActiveCfg = Debug|Any CPU
		{D97F5BB6-5FDA-438B-8B72-3047A16DCAFE}.Debug|x64.Build.0 = Debug|Any CPU
		{D97F5BB6-5FDA-438B-8B72-3047A16DCAFE}.Debug|x86.ActiveCfg = Debug|Any CPU
		{D97F5BB6-5FDA-438B-8B72-3047A16DCAFE}.Debug|x86.Build.0 = Debug|Any CPU
		{D97F5BB6-5FDA-438B-8B72-3047A16DCAFE}.Release|Any CPU.ActiveCfg = Release|Any CPU
		{D97F5BB6-5FDA-438B-8B72-3047A16DCAFE}.Release|Any CPU.Build.0 = Release|Any CPU
		{D97F5BB6-5FDA-438B-8B72-3047A16DCAFE}.Release|ARM.ActiveCfg = Release|Any CPU
		{D97F5BB6-5FDA-438B-8B72-3047A16DCAFE}.Release|ARM.Build.0 = Release|Any CPU
		{D97F5BB6-5FDA-438B-8B72-3047A16DCAFE}.Release|ARM64.ActiveCfg = Release|Any CPU
		{D97F5BB6-5FDA-438B-8B72-3047A16DCAFE}.Release|ARM64.Build.0 = Release|Any CPU
		{D97F5BB6-5FDA-438B-8B72-3047A16DCAFE}.Release|iPhone.ActiveCfg = Release|Any CPU
		{D97F5BB6-5FDA-438B-8B72-3047A16DCAFE}.Release|iPhone.Build.0 = Release|Any CPU
		{D97F5BB6-5FDA-438B-8B72-3047A16DCAFE}.Release|iPhoneSimulator.ActiveCfg = Release|Any CPU
		{D97F5BB6-5FDA-438B-8B72-3047A16DCAFE}.Release|iPhoneSimulator.Build.0 = Release|Any CPU
		{D97F5BB6-5FDA-438B-8B72-3047A16DCAFE}.Release|x64.ActiveCfg = Release|Any CPU
		{D97F5BB6-5FDA-438B-8B72-3047A16DCAFE}.Release|x64.Build.0 = Release|Any CPU
		{D97F5BB6-5FDA-438B-8B72-3047A16DCAFE}.Release|x86.ActiveCfg = Release|Any CPU
		{D97F5BB6-5FDA-438B-8B72-3047A16DCAFE}.Release|x86.Build.0 = Release|Any CPU
		{82DBE1FA-15D4-44C2-897E-DBC5C5BF32B5}.Debug|Any CPU.ActiveCfg = Debug|Any CPU
		{82DBE1FA-15D4-44C2-897E-DBC5C5BF32B5}.Debug|Any CPU.Build.0 = Debug|Any CPU
		{82DBE1FA-15D4-44C2-897E-DBC5C5BF32B5}.Debug|ARM.ActiveCfg = Debug|Any CPU
		{82DBE1FA-15D4-44C2-897E-DBC5C5BF32B5}.Debug|ARM.Build.0 = Debug|Any CPU
		{82DBE1FA-15D4-44C2-897E-DBC5C5BF32B5}.Debug|ARM64.ActiveCfg = Debug|Any CPU
		{82DBE1FA-15D4-44C2-897E-DBC5C5BF32B5}.Debug|ARM64.Build.0 = Debug|Any CPU
		{82DBE1FA-15D4-44C2-897E-DBC5C5BF32B5}.Debug|iPhone.ActiveCfg = Debug|Any CPU
		{82DBE1FA-15D4-44C2-897E-DBC5C5BF32B5}.Debug|iPhone.Build.0 = Debug|Any CPU
		{82DBE1FA-15D4-44C2-897E-DBC5C5BF32B5}.Debug|iPhoneSimulator.ActiveCfg = Debug|Any CPU
		{82DBE1FA-15D4-44C2-897E-DBC5C5BF32B5}.Debug|iPhoneSimulator.Build.0 = Debug|Any CPU
		{82DBE1FA-15D4-44C2-897E-DBC5C5BF32B5}.Debug|x64.ActiveCfg = Debug|Any CPU
		{82DBE1FA-15D4-44C2-897E-DBC5C5BF32B5}.Debug|x64.Build.0 = Debug|Any CPU
		{82DBE1FA-15D4-44C2-897E-DBC5C5BF32B5}.Debug|x86.ActiveCfg = Debug|Any CPU
		{82DBE1FA-15D4-44C2-897E-DBC5C5BF32B5}.Debug|x86.Build.0 = Debug|Any CPU
		{82DBE1FA-15D4-44C2-897E-DBC5C5BF32B5}.Release|Any CPU.ActiveCfg = Release|Any CPU
		{82DBE1FA-15D4-44C2-897E-DBC5C5BF32B5}.Release|Any CPU.Build.0 = Release|Any CPU
		{82DBE1FA-15D4-44C2-897E-DBC5C5BF32B5}.Release|ARM.ActiveCfg = Release|Any CPU
		{82DBE1FA-15D4-44C2-897E-DBC5C5BF32B5}.Release|ARM.Build.0 = Release|Any CPU
		{82DBE1FA-15D4-44C2-897E-DBC5C5BF32B5}.Release|ARM64.ActiveCfg = Release|Any CPU
		{82DBE1FA-15D4-44C2-897E-DBC5C5BF32B5}.Release|ARM64.Build.0 = Release|Any CPU
		{82DBE1FA-15D4-44C2-897E-DBC5C5BF32B5}.Release|iPhone.ActiveCfg = Release|Any CPU
		{82DBE1FA-15D4-44C2-897E-DBC5C5BF32B5}.Release|iPhone.Build.0 = Release|Any CPU
		{82DBE1FA-15D4-44C2-897E-DBC5C5BF32B5}.Release|iPhoneSimulator.ActiveCfg = Release|Any CPU
		{82DBE1FA-15D4-44C2-897E-DBC5C5BF32B5}.Release|iPhoneSimulator.Build.0 = Release|Any CPU
		{82DBE1FA-15D4-44C2-897E-DBC5C5BF32B5}.Release|x64.ActiveCfg = Release|Any CPU
		{82DBE1FA-15D4-44C2-897E-DBC5C5BF32B5}.Release|x64.Build.0 = Release|Any CPU
		{82DBE1FA-15D4-44C2-897E-DBC5C5BF32B5}.Release|x86.ActiveCfg = Release|Any CPU
		{82DBE1FA-15D4-44C2-897E-DBC5C5BF32B5}.Release|x86.Build.0 = Release|Any CPU
		{DEA89C04-7278-4F44-8165-31B9CF1FD993}.Debug|Any CPU.ActiveCfg = Debug|x64
		{DEA89C04-7278-4F44-8165-31B9CF1FD993}.Debug|Any CPU.Build.0 = Debug|x64
		{DEA89C04-7278-4F44-8165-31B9CF1FD993}.Debug|Any CPU.Deploy.0 = Debug|x64
		{DEA89C04-7278-4F44-8165-31B9CF1FD993}.Debug|ARM.ActiveCfg = Debug|x64
		{DEA89C04-7278-4F44-8165-31B9CF1FD993}.Debug|ARM.Build.0 = Debug|x64
		{DEA89C04-7278-4F44-8165-31B9CF1FD993}.Debug|ARM.Deploy.0 = Debug|x64
		{DEA89C04-7278-4F44-8165-31B9CF1FD993}.Debug|ARM64.ActiveCfg = Debug|arm64
		{DEA89C04-7278-4F44-8165-31B9CF1FD993}.Debug|ARM64.Build.0 = Debug|arm64
		{DEA89C04-7278-4F44-8165-31B9CF1FD993}.Debug|ARM64.Deploy.0 = Debug|arm64
		{DEA89C04-7278-4F44-8165-31B9CF1FD993}.Debug|iPhone.ActiveCfg = Debug|x64
		{DEA89C04-7278-4F44-8165-31B9CF1FD993}.Debug|iPhone.Build.0 = Debug|x64
		{DEA89C04-7278-4F44-8165-31B9CF1FD993}.Debug|iPhone.Deploy.0 = Debug|x64
		{DEA89C04-7278-4F44-8165-31B9CF1FD993}.Debug|iPhoneSimulator.ActiveCfg = Debug|x64
		{DEA89C04-7278-4F44-8165-31B9CF1FD993}.Debug|iPhoneSimulator.Build.0 = Debug|x64
		{DEA89C04-7278-4F44-8165-31B9CF1FD993}.Debug|iPhoneSimulator.Deploy.0 = Debug|x64
		{DEA89C04-7278-4F44-8165-31B9CF1FD993}.Debug|x64.ActiveCfg = Debug|x64
		{DEA89C04-7278-4F44-8165-31B9CF1FD993}.Debug|x64.Build.0 = Debug|x64
		{DEA89C04-7278-4F44-8165-31B9CF1FD993}.Debug|x86.ActiveCfg = Debug|x86
		{DEA89C04-7278-4F44-8165-31B9CF1FD993}.Debug|x86.Build.0 = Debug|x86
		{DEA89C04-7278-4F44-8165-31B9CF1FD993}.Release|Any CPU.ActiveCfg = Release|x64
		{DEA89C04-7278-4F44-8165-31B9CF1FD993}.Release|Any CPU.Build.0 = Release|x64
		{DEA89C04-7278-4F44-8165-31B9CF1FD993}.Release|Any CPU.Deploy.0 = Release|x64
		{DEA89C04-7278-4F44-8165-31B9CF1FD993}.Release|ARM.ActiveCfg = Release|x64
		{DEA89C04-7278-4F44-8165-31B9CF1FD993}.Release|ARM.Build.0 = Release|x64
		{DEA89C04-7278-4F44-8165-31B9CF1FD993}.Release|ARM64.ActiveCfg = Release|arm64
		{DEA89C04-7278-4F44-8165-31B9CF1FD993}.Release|ARM64.Build.0 = Release|arm64
		{DEA89C04-7278-4F44-8165-31B9CF1FD993}.Release|iPhone.ActiveCfg = Release|x64
		{DEA89C04-7278-4F44-8165-31B9CF1FD993}.Release|iPhone.Build.0 = Release|x64
		{DEA89C04-7278-4F44-8165-31B9CF1FD993}.Release|iPhoneSimulator.ActiveCfg = Release|x64
		{DEA89C04-7278-4F44-8165-31B9CF1FD993}.Release|iPhoneSimulator.Build.0 = Release|x64
		{DEA89C04-7278-4F44-8165-31B9CF1FD993}.Release|x64.ActiveCfg = Release|x64
		{DEA89C04-7278-4F44-8165-31B9CF1FD993}.Release|x64.Build.0 = Release|x64
		{DEA89C04-7278-4F44-8165-31B9CF1FD993}.Release|x86.ActiveCfg = Release|x86
		{DEA89C04-7278-4F44-8165-31B9CF1FD993}.Release|x86.Build.0 = Release|x86
	EndGlobalSection
	GlobalSection(SolutionProperties) = preSolution
		HideSolutionNode = FALSE
	EndGlobalSection
	GlobalSection(NestedProjects) = preSolution
		{5B163272-515B-4761-8905-B1263856D1DD} = {E9AAC374-8465-4869-9CDA-4CED483811B8}
		{F818A2F3-0652-469F-9E59-A76F1F4D0AAF} = {E9AAC374-8465-4869-9CDA-4CED483811B8}
		{EFC12497-BE6F-4AE0-A537-485CDA8E34DF} = {E9AAC374-8465-4869-9CDA-4CED483811B8}
		{51AC558D-5968-4B20-B68A-4AEAFA800B5E} = {E9AAC374-8465-4869-9CDA-4CED483811B8}
		{882291B7-AB66-4D3D-9C66-112BF2CF8CB3} = {EFC12497-BE6F-4AE0-A537-485CDA8E34DF}
		{7769D376-FAC8-4108-B1B8-F5B3BCEF2E6A} = {EFC12497-BE6F-4AE0-A537-485CDA8E34DF}
		{A6224E91-779F-42F1-9365-635348A3927A} = {EFC12497-BE6F-4AE0-A537-485CDA8E34DF}
		{DEA89C04-7278-4F44-8165-31B9CF1FD993} = {EFC12497-BE6F-4AE0-A537-485CDA8E34DF}
		{6E31FBEE-4A1D-4CDC-96B1-938000943098} = {51AC558D-5968-4B20-B68A-4AEAFA800B5E}
		{D97F5BB6-5FDA-438B-8B72-3047A16DCAFE} = {6B45E5D2-7E25-4541-AF3B-67F7CB0BADE1}
		{82DBE1FA-15D4-44C2-897E-DBC5C5BF32B5} = {6B45E5D2-7E25-4541-AF3B-67F7CB0BADE1}
	EndGlobalSection
	GlobalSection(ExtensibilityGlobals) = postSolution
		SolutionGuid = {90BFF1A6-2DA6-4D59-B35C-411565E87A12}
	EndGlobalSection
EndGlobal
